# This file is automatically @generated by Cargo.
# It is not intended for manual editing.
version = 3

[[package]]
name = "hanji-core"
version = "0.1.0"
dependencies = [
 "hanji-format",
]

[[package]]
name = "hanji-docx"
version = "0.1.0"
dependencies = [
 "hanji-format",
]

[[package]]
name = "hanji-format"
version = "0.1.0"
